
Microsoft Visual Studio Solution File, Format Version 12.00
# Visual Studio Version 16
VisualStudioVersion = 16.0.29411.108
MinimumVisualStudioVersion = 10.0.40219.1
Project("{9A19103F-16F7-4668-BE54-9A1E7A4F7556}") = "ResistorCalculator", "ResistorCalculator\ResistorCalculator\ResistorCalculator.csproj", "{D60EA3D8-2C0A-42CF-97A3-CC67ECE9E465}"
EndProject
Project("{FAE04EC0-301F-11D3-BF4B-00C04F79EFBC}") = "WpfApp1", "WpfApp1\WpfApp1.csproj", "{683E085D-FDBB-49F5-A8DF-743975C046C0}"
EndProject
Global
	GlobalSection(SolutionConfigurationPlatforms) = preSolution
		Debug|Any CPU = Debug|Any CPU
		Debug|iPhone = Debug|iPhone
		Debug|iPhoneSimulator = Debug|iPhoneSimulator
		Release|Any CPU = Release|Any CPU
		Release|iPhone = Release|iPhone
		Release|iPhoneSimulator = Release|iPhoneSimulator
	EndGlobalSection
	GlobalSection(ProjectConfigurationPlatforms) = postSolution
		{D60EA3D8-2C0A-42CF-97A3-CC67ECE9E465}.Debug|Any CPU.ActiveCfg = Debug|Any CPU
		{D60EA3D8-2C0A-42CF-97A3-CC67ECE9E465}.Debug|Any CPU.Build.0 = Debug|Any CPU
		{D60EA3D8-2C0A-42CF-97A3-CC67ECE9E465}.Debug|Any CPU.Deploy.0 = Debug|Any CPU
		{D60EA3D8-2C0A-42CF-97A3-CC67ECE9E465}.Debug|iPhone.ActiveCfg = Debug|Any CPU
		{D60EA3D8-2C0A-42CF-97A3-CC67ECE9E465}.Debug|iPhone.Build.0 = Debug|Any CPU
		{D60EA3D8-2C0A-42CF-97A3-CC67ECE9E465}.Debug|iPhone.Deploy.0 = Debug|Any CPU
		{D60EA3D8-2C0A-42CF-97A3-CC67ECE9E465}.Debug|iPhoneSimulator.ActiveCfg = Debug|Any CPU
		{D60EA3D8-2C0A-42CF-97A3-CC67ECE9E465}.Debug|iPhoneSimulator.Build.0 = Debug|Any CPU
		{D60EA3D8-2C0A-42CF-97A3-CC67ECE9E465}.Debug|iPhoneSimulator.Deploy.0 = Debug|Any CPU
		{D60EA3D8-2C0A-42CF-97A3-CC67ECE9E465}.Release|Any CPU.ActiveCfg = Release|Any CPU
		{D60EA3D8-2C0A-42CF-97A3-CC67ECE9E465}.Release|Any CPU.Build.0 = Release|Any CPU
		{D60EA3D8-2C0A-42CF-97A3-CC67ECE9E465}.Release|Any CPU.Deploy.0 = Release|Any CPU
		{D60EA3D8-2C0A-42CF-97A3-CC67ECE9E465}.Release|iPhone.ActiveCfg = Release|Any CPU
		{D60EA3D8-2C0A-42CF-97A3-CC67ECE9E465}.Release|iPhone.Build.0 = Release|Any CPU
		{D60EA3D8-2C0A-42CF-97A3-CC67ECE9E465}.Release|iPhone.Deploy.0 = Release|Any CPU
		{D60EA3D8-2C0A-42CF-97A3-CC67ECE9E465}.Release|iPhoneSimulator.ActiveCfg = Release|Any CPU
		{D60EA3D8-2C0A-42CF-97A3-CC67ECE9E465}.Release|iPhoneSimulator.Build.0 = Release|Any CPU
		{D60EA3D8-2C0A-42CF-97A3-CC67ECE9E465}.Release|iPhoneSimulator.Deploy.0 = Release|Any CPU
		{683E085D-FDBB-49F5-A8DF-743975C046C0}.Debug|Any CPU.ActiveCfg = Debug|Any CPU
		{683E085D-FDBB-49F5-A8DF-743975C046C0}.Debug|Any CPU.Build.0 = Debug|Any CPU
		{683E085D-FDBB-49F5-A8DF-743975C046C0}.Debug|iPhone.ActiveCfg = Debug|Any CPU
		{683E085D-FDBB-49F5-A8DF-743975C046C0}.Debug|iPhone.Build.0 = Debug|Any CPU
		{683E085D-FDBB-49F5-A8DF-743975C046C0}.Debug|iPhoneSimulator.ActiveCfg = Debug|Any CPU
		{683E085D-FDBB-49F5-A8DF-743975C046C0}.Debug|iPhoneSimulator.Build.0 = Debug|Any CPU
		{683E085D-FDBB-49F5-A8DF-743975C046C0}.Release|Any CPU.ActiveCfg = Release|Any CPU
		{683E085D-FDBB-49F5-A8DF-743975C046C0}.Release|Any CPU.Build.0 = Release|Any CPU
		{683E085D-FDBB-49F5-A8DF-743975C046C0}.Release|iPhone.ActiveCfg = Release|Any CPU
		{683E085D-FDBB-49F5-A8DF-743975C046C0}.Release|iPhone.Build.0 = Release|Any CPU
		{683E085D-FDBB-49F5-A8DF-743975C046C0}.Release|iPhoneSimulator.ActiveCfg = Release|Any CPU
		{683E085D-FDBB-49F5-A8DF-743975C046C0}.Release|iPhoneSimulator.Build.0 = Release|Any CPU
	EndGlobalSection
	GlobalSection(SolutionProperties) = preSolution
		HideSolutionNode = FALSE
	EndGlobalSection
	GlobalSection(ExtensibilityGlobals) = postSolution
		SolutionGuid = {921065FE-F75E-4B96-8BBB-FA76C830927B}
	EndGlobalSection
EndGlobal
